// !$*UTF8*$!
{
	archiveVersion = 1;
	classes = {
	};
	objectVersion = 46;
	objects = {

/* Begin PBXBuildFile section */
		08FBAF711C012896002FA5C0 /* AppDelegate.swift in Sources */ = {isa = PBXBuildFile; fileRef = 08FBAF701C012896002FA5C0 /* AppDelegate.swift */; };
		08FBAF731C012896002FA5C0 /* ViewController.swift in Sources */ = {isa = PBXBuildFile; fileRef = 08FBAF721C012896002FA5C0 /* ViewController.swift */; };
		08FBAF761C012896002FA5C0 /* Main.storyboard in Resources */ = {isa = PBXBuildFile; fileRef = 08FBAF741C012896002FA5C0 /* Main.storyboard */; };
		08FBAF781C012896002FA5C0 /* Assets.xcassets in Resources */ = {isa = PBXBuildFile; fileRef = 08FBAF771C012896002FA5C0 /* Assets.xcassets */; };
		08FBAF7B1C012896002FA5C0 /* LaunchScreen.storyboard in Resources */ = {isa = PBXBuildFile; fileRef = 08FBAF791C012896002FA5C0 /* LaunchScreen.storyboard */; };
		08FBAF861C012896002FA5C0 /* Attention_DeficitTests.swift in Sources */ = {isa = PBXBuildFile; fileRef = 08FBAF851C012896002FA5C0 /* Attention_DeficitTests.swift */; };
		08FBAF911C012896002FA5C0 /* Attention_DeficitUITests.swift in Sources */ = {isa = PBXBuildFile; fileRef = 08FBAF901C012896002FA5C0 /* Attention_DeficitUITests.swift */; };
/* End PBXBuildFile section */

/* Begin PBXContainerItemProxy section */
		08FBAF821C012896002FA5C0 /* PBXContainerItemProxy */ = {
			isa = PBXContainerItemProxy;
			containerPortal = 08FBAF651C012895002FA5C0 /* Project object */;
			proxyType = 1;
			remoteGlobalIDString = 08FBAF6C1C012895002FA5C0;
			remoteInfo = "Attention Deficit";
		};
		08FBAF8D1C012896002FA5C0 /* PBXContainerItemProxy */ = {
			isa = PBXContainerItemProxy;
			containerPortal = 08FBAF651C012895002FA5C0 /* Project object */;
			proxyType = 1;
			remoteGlobalIDString = 08FBAF6C1C012895002FA5C0;
			remoteInfo = "Attention Deficit";
		};
/* End PBXContainerItemProxy section */

/* Begin PBXFileReference section */
		08FBAF6D1C012895002FA5C0 /* Attention Deficit.app */ = {isa = PBXFileReference; explicitFileType = wrapper.application; includeInIndex = 0; path = "Attention Deficit.app"; sourceTree = BUILT_PRODUCTS_DIR; };
		08FBAF701C012896002FA5C0 /* AppDelegate.swift */ = {isa = PBXFileReference; lastKnownFileType = sourcecode.swift; path = AppDelegate.swift; sourceTree = "<group>"; };
		08FBAF721C012896002FA5C0 /* ViewController.swift */ = {isa = PBXFileReference; lastKnownFileType = sourcecode.swift; path = ViewController.swift; sourceTree = "<group>"; };
		08FBAF751C012896002FA5C0 /* Base */ = {isa = PBXFileReference; lastKnownFileType = file.storyboard; name = Base; path = Base.lproj/Main.storyboard; sourceTree = "<group>"; };
		08FBAF771C012896002FA5C0 /* Assets.xcassets */ = {isa = PBXFileReference; lastKnownFileType = folder.assetcatalog; path = Assets.xcassets; sourceTree = "<group>"; };
		08FBAF7A1C012896002FA5C0 /* Base */ = {isa = PBXFileReference; lastKnownFileType = file.storyboard; name = Base; path = Base.lproj/LaunchScreen.storyboard; sourceTree = "<group>"; };
		08FBAF7C1C012896002FA5C0 /* Info.plist */ = {isa = PBXFileReference; lastKnownFileType = text.plist.xml; path = Info.plist; sourceTree = "<group>"; };
		08FBAF811C012896002FA5C0 /* Attention DeficitTests.xctest */ = {isa = PBXFileReference; explicitFileType = wrapper.cfbundle; includeInIndex = 0; path = "Attention DeficitTests.xctest"; sourceTree = BUILT_PRODUCTS_DIR; };
		08FBAF851C012896002FA5C0 /* Attention_DeficitTests.swift */ = {isa = PBXFileReference; lastKnownFileType = sourcecode.swift; path = Attention_DeficitTests.swift; sourceTree = "<group>"; };
		08FBAF871C012896002FA5C0 /* Info.plist */ = {isa = PBXFileReference; lastKnownFileType = text.plist.xml; path = Info.plist; sourceTree = "<group>"; };
		08FBAF8C1C012896002FA5C0 /* Attention DeficitUITests.xctest */ = {isa = PBXFileReference; explicitFileType = wrapper.cfbundle; includeInIndex = 0; path = "Attention DeficitUITests.xctest"; sourceTree = BUILT_PRODUCTS_DIR; };
		08FBAF901C012896002FA5C0 /* Attention_DeficitUITests.swift */ = {isa = PBXFileReference; lastKnownFileType = sourcecode.swift; path = Attention_DeficitUITests.swift; sourceTree = "<group>"; };
		08FBAF921C012896002FA5C0 /* Info.plist */ = {isa = PBXFileReference; lastKnownFileType = text.plist.xml; path = Info.plist; sourceTree = "<group>"; };
/* End PBXFileReference section */

/* Begin PBXFrameworksBuildPhase section */
		08FBAF6A1C012895002FA5C0 /* Frameworks */ = {
			isa = PBXFrameworksBuildPhase;
			buildActionMask = 2147483647;
			files = (
			);
			runOnlyForDeploymentPostprocessing = 0;
		};
		08FBAF7E1C012896002FA5C0 /* Frameworks */ = {
			isa = PBXFrameworksBuildPhase;
			buildActionMask = 2147483647;
			files = (
			);
			runOnlyForDeploymentPostprocessing = 0;
		};
		08FBAF891C012896002FA5C0 /* Frameworks */ = {
			isa = PBXFrameworksBuildPhase;
			buildActionMask = 2147483647;
			files = (
			);
			runOnlyForDeploymentPostprocessing = 0;
		};
/* End PBXFrameworksBuildPhase section */

/* Begin PBXGroup section */
		08FBAF641C012895002FA5C0 = {
			isa = PBXGroup;
			children = (
				08FBAF6F1C012895002FA5C0 /* Attention Deficit */,
				08FBAF841C012896002FA5C0 /* Attention DeficitTests */,
				08FBAF8F1C012896002FA5C0 /* Attention DeficitUITests */,
				08FBAF6E1C012895002FA5C0 /* Products */,
			);
			sourceTree = "<group>";
		};
		08FBAF6E1C012895002FA5C0 /* Products */ = {
			isa = PBXGroup;
			children = (
				08FBAF6D1C012895002FA5C0 /* Attention Deficit.app */,
				08FBAF811C012896002FA5C0 /* Attention DeficitTests.xctest */,
				08FBAF8C1C012896002FA5C0 /* Attention DeficitUITests.xctest */,
			);
			name = Products;
			sourceTree = "<group>";
		};
		08FBAF6F1C012895002FA5C0 /* Attention Deficit */ = {
			isa = PBXGroup;
			children = (
				08FBAF701C012896002FA5C0 /* AppDelegate.swift */,
				08FBAF721C012896002FA5C0 /* ViewController.swift */,
				08FBAF741C012896002FA5C0 /* Main.storyboard */,
				08FBAF771C012896002FA5C0 /* Assets.xcassets */,
				08FBAF791C012896002FA5C0 /* LaunchScreen.storyboard */,
				08FBAF7C1C012896002FA5C0 /* Info.plist */,
			);
			path = "Attention Deficit";
			sourceTree = "<group>";
		};
		08FBAF841C012896002FA5C0 /* Attention DeficitTests */ = {
			isa = PBXGroup;
			children = (
				08FBAF851C012896002FA5C0 /* Attention_DeficitTests.swift */,
				08FBAF871C012896002FA5C0 /* Info.plist */,
			);
			path = "Attention DeficitTests";
			sourceTree = "<group>";
		};
		08FBAF8F1C012896002FA5C0 /* Attention DeficitUITests */ = {
			isa = PBXGroup;
			children = (
				08FBAF901C012896002FA5C0 /* Attention_DeficitUITests.swift */,
				08FBAF921C012896002FA5C0 /* Info.plist */,
			);
			path = "Attention DeficitUITests";
			sourceTree = "<group>";
		};
/* End PBXGroup section */

/* Begin PBXNativeTarget section */
		08FBAF6C1C012895002FA5C0 /* Attention Deficit */ = {
			isa = PBXNativeTarget;
			buildConfigurationList = 08FBAF951C012896002FA5C0 /* Build configuration list for PBXNativeTarget "Attention Deficit" */;
			buildPhases = (
				08FBAF691C012895002FA5C0 /* Sources */,
				08FBAF6A1C012895002FA5C0 /* Frameworks */,
				08FBAF6B1C012895002FA5C0 /* Resources */,
			);
			buildRules = (
			);
			dependencies = (
			);
			name = "Attention Deficit";
			productName = "Attention Deficit";
			productReference = 08FBAF6D1C012895002FA5C0 /* Attention Deficit.app */;
			productType = "com.apple.product-type.application";
		};
		08FBAF801C012896002FA5C0 /* Attention DeficitTests */ = {
			isa = PBXNativeTarget;
			buildConfigurationList = 08FBAF981C012896002FA5C0 /* Build configuration list for PBXNativeTarget "Attention DeficitTests" */;
			buildPhases = (
				08FBAF7D1C012896002FA5C0 /* Sources */,
				08FBAF7E1C012896002FA5C0 /* Frameworks */,
				08FBAF7F1C012896002FA5C0 /* Resources */,
			);
			buildRules = (
			);
			dependencies = (
				08FBAF831C012896002FA5C0 /* PBXTargetDependency */,
			);
			name = "Attention DeficitTests";
			productName = "Attention DeficitTests";
			productReference = 08FBAF811C012896002FA5C0 /* Attention DeficitTests.xctest */;
			productType = "com.apple.product-type.bundle.unit-test";
		};
		08FBAF8B1C012896002FA5C0 /* Attention DeficitUITests */ = {
			isa = PBXNativeTarget;
			buildConfigurationList = 08FBAF9B1C012896002FA5C0 /* Build configuration list for PBXNativeTarget "Attention DeficitUITests" */;
			buildPhases = (
				08FBAF881C012896002FA5C0 /* Sources */,
				08FBAF891C012896002FA5C0 /* Frameworks */,
				08FBAF8A1C012896002FA5C0 /* Resources */,
			);
			buildRules = (
			);
			dependencies = (
				08FBAF8E1C012896002FA5C0 /* PBXTargetDependency */,
			);
			name = "Attention DeficitUITests";
			productName = "Attention DeficitUITests";
			productReference = 08FBAF8C1C012896002FA5C0 /* Attention DeficitUITests.xctest */;
			productType = "com.apple.product-type.bundle.ui-testing";
		};
/* End PBXNativeTarget section */

/* Begin PBXProject section */
		08FBAF651C012895002FA5C0 /* Project object */ = {
			isa = PBXProject;
			attributes = {
				LastSwiftUpdateCheck = 0710;
				LastUpgradeCheck = 0710;
				ORGANIZATIONNAME = "Francesco Perera";
				TargetAttributes = {
					08FBAF6C1C012895002FA5C0 = {
						CreatedOnToolsVersion = 7.1.1;
					};
					08FBAF801C012896002FA5C0 = {
						CreatedOnToolsVersion = 7.1.1;
						TestTargetID = 08FBAF6C1C012895002FA5C0;
					};
					08FBAF8B1C012896002FA5C0 = {
						CreatedOnToolsVersion = 7.1.1;
						TestTargetID = 08FBAF6C1C012895002FA5C0;
					};
				};
			};
			buildConfigurationList = 08FBAF681C012895002FA5C0 /* Build configuration list for PBXProject "Attention Deficit" */;
			compatibilityVersion = "Xcode 3.2";
			developmentRegion = English;
			hasScannedForEncodings = 0;
			knownRegions = (
				en,
				Base,
			);
			mainGroup = 08FBAF641C012895002FA5C0;
			productRefGroup = 08FBAF6E1C012895002FA5C0 /* Products */;
			projectDirPath = "";
			projectRoot = "";
			targets = (
				08FBAF6C1C012895002FA5C0 /* Attention Deficit */,
				08FBAF801C012896002FA5C0 /* Attention DeficitTests */,
				08FBAF8B1C012896002FA5C0 /* Attention DeficitUITests */,
			);
		};
/* End PBXProject section */

/* Begin PBXResourcesBuildPhase section */
		08FBAF6B1C012895002FA5C0 /* Resources */ = {
			isa = PBXResourcesBuildPhase;
			buildActionMask = 2147483647;
			files = (
				08FBAF7B1C012896002FA5C0 /* LaunchScreen.storyboard in Resources */,
				08FBAF781C012896002FA5C0 /* Assets.xcassets in Resources */,
				08FBAF761C012896002FA5C0 /* Main.storyboard in Resources */,
			);
			runOnlyForDeploymentPostprocessing = 0;
		};
		08FBAF7F1C012896002FA5C0 /* Resources */ = {
			isa = PBXResourcesBuildPhase;
			buildActionMask = 2147483647;
			files = (
			);
			runOnlyForDeploymentPostprocessing = 0;
		};
		08FBAF8A1C012896002FA5C0 /* Resources */ = {
			isa = PBXResourcesBuildPhase;
			buildActionMask = 2147483647;
			files = (
			);
			runOnlyForDeploymentPostprocessing = 0;
		};
/* End PBXResourcesBuildPhase section */

/* Begin PBXSourcesBuildPhase section */
		08FBAF691C012895002FA5C0 /* Sources */ = {
			isa = PBXSourcesBuildPhase;
			buildActionMask = 2147483647;
			files = (
				08FBAF731C012896002FA5C0 /* ViewController.swift in Sources */,
				08FBAF711C012896002FA5C0 /* AppDelegate.swift in Sources */,
			);
			runOnlyForDeploymentPostprocessing = 0;
		};
		08FBAF7D1C012896002FA5C0 /* Sources */ = {
			isa = PBXSourcesBuildPhase;
			buildActionMask = 2147483647;
			files = (
				08FBAF861C012896002FA5C0 /* Attention_DeficitTests.swift in Sources */,
			);
			runOnlyForDeploymentPostprocessing = 0;
		};
		08FBAF881C012896002FA5C0 /* Sources */ = {
			isa = PBXSourcesBuildPhase;
			buildActionMask = 2147483647;
			files = (
				08FBAF911C012896002FA5C0 /* Attention_DeficitUITests.swift in Sources */,
			);
			runOnlyForDeploymentPostprocessing = 0;
		};
/* End PBXSourcesBuildPhase section */

/* Begin PBXTargetDependency section */
		08FBAF831C012896002FA5C0 /* PBXTargetDependency */ = {
			isa = PBXTargetDependency;
			target = 08FBAF6C1C012895002FA5C0 /* Attention Deficit */;
			targetProxy = 08FBAF821C012896002FA5C0 /* PBXContainerItemProxy */;
		};
		08FBAF8E1C012896002FA5C0 /* PBXTargetDependency */ = {
			isa = PBXTargetDependency;
			target = 08FBAF6C1C012895002FA5C0 /* Attention Deficit */;
			targetProxy = 08FBAF8D1C012896002FA5C0 /* PBXContainerItemProxy */;
		};
/* End PBXTargetDependency section */

/* Begin PBXVariantGroup section */
		08FBAF741C012896002FA5C0 /* Main.storyboard */ = {
			isa = PBXVariantGroup;
			children = (
				08FBAF751C012896002FA5C0 /* Base */,
			);
			name = Main.storyboard;
			sourceTree = "<group>";
		};
		08FBAF791C012896002FA5C0 /* LaunchScreen.storyboard */ = {
			isa = PBXVariantGroup;
			children = (
				08FBAF7A1C012896002FA5C0 /* Base */,
			);
			name = LaunchScreen.storyboard;
			sourceTree = "<group>";
		};
/* End PBXVariantGroup section */

/* Begin XCBuildConfiguration section */
		08FBAF931C012896002FA5C0 /* Debug */ = {
			isa = XCBuildConfiguration;
			buildSettings = {
				ALWAYS_SEARCH_USER_PATHS = NO;
				CLANG_CXX_LANGUAGE_STANDARD = "gnu++0x";
				CLANG_CXX_LIBRARY = "libc++";
				CLANG_ENABLE_MODULES = YES;
				CLANG_ENABLE_OBJC_ARC = YES;
				CLANG_WARN_BOOL_CONVERSION = YES;
				CLANG_WARN_CONSTANT_CONVERSION = YES;
				CLANG_WARN_DIRECT_OBJC_ISA_USAGE = YES_ERROR;
				CLANG_WARN_EMPTY_BODY = YES;
				CLANG_WARN_ENUM_CONVERSION = YES;
				CLANG_WARN_INT_CONVERSION = YES;
				CLANG_WARN_OBJC_ROOT_CLASS = YES_ERROR;
				CLANG_WARN_UNREACHABLE_CODE = YES;
				CLANG_WARN__DUPLICATE_METHOD_MATCH = YES;
				"CODE_SIGN_IDENTITY[sdk=iphoneos*]" = "iPhone Developer";
				COPY_PHASE_STRIP = NO;
				DEBUG_INFORMATION_FORMAT = dwarf;
				ENABLE_STRICT_OBJC_MSGSEND = YES;
				ENABLE_TESTABILITY = YES;
				GCC_C_LANGUAGE_STANDARD = gnu99;
				GCC_DYNAMIC_NO_PIC = NO;
				GCC_NO_COMMON_BLOCKS = YES;
				GCC_OPTIMIZATION_LEVEL = 0;
				GCC_PREPROCESSOR_DEFINITIONS = (
					"DEBUG=1",
					"$(inherited)",
				);
				GCC_WARN_64_TO_32_BIT_CONVERSION = YES;
				GCC_WARN_ABOUT_RETURN_TYPE = YES_ERROR;
				GCC_WARN_UNDECLARED_SELECTOR = YES;
				GCC_WARN_UNINITIALIZED_AUTOS = YES_AGGRESSIVE;
				GCC_WARN_UNUSED_FUNCTION = YES;
				GCC_WARN_UNUSED_VARIABLE = YES;
				IPHONEOS_DEPLOYMENT_TARGET = 9.1;
				MTL_ENABLE_DEBUG_INFO = YES;
				ONLY_ACTIVE_ARCH = YES;
				SDKROOT = iphoneos;
				SWIFT_OPTIMIZATION_LEVEL = "-Onone";
			};
			name = Debug;
		};
		08FBAF941C012896002FA5C0 /* Release */ = {
			isa = XCBuildConfiguration;
			buildSettings = {
				ALWAYS_SEARCH_USER_PATHS = NO;
				CLANG_CXX_LANGUAGE_STANDARD = "gnu++0x";
				CLANG_CXX_LIBRARY = "libc++";
				CLANG_ENABLE_MODULES = YES;
				CLANG_ENABLE_OBJC_ARC = YES;
				CLANG_WARN_BOOL_CONVERSION = YES;
				CLANG_WARN_CONSTANT_CONVERSION = YES;
				CLANG_WARN_DIRECT_OBJC_ISA_USAGE = YES_ERROR;
				CLANG_WARN_EMPTY_BODY = YES;
				CLANG_WARN_ENUM_CONVERSION = YES;
				CLANG_WARN_INT_CONVERSION = YES;
				CLANG_WARN_OBJC_ROOT_CLASS = YES_ERROR;
				CLANG_WARN_UNREACHABLE_CODE = YES;
				CLANG_WARN__DUPLICATE_METHOD_MATCH = YES;
				"CODE_SIGN_IDENTITY[sdk=iphoneos*]" = "iPhone Developer";
				COPY_PHASE_STRIP = NO;
				DEBUG_INFORMATION_FORMAT = "dwarf-with-dsym";
				ENABLE_NS_ASSERTIONS = NO;
				ENABLE_STRICT_OBJC_MSGSEND = YES;
				GCC_C_LANGUAGE_STANDARD = gnu99;
				GCC_NO_COMMON_BLOCKS = YES;
				GCC_WARN_64_TO_32_BIT_CONVERSION = YES;
				GCC_WARN_ABOUT_RETURN_TYPE = YES_ERROR;
				GCC_WARN_UNDECLARED_SELECTOR = YES;
				GCC_WARN_UNINITIALIZED_AUTOS = YES_AGGRESSIVE;
				GCC_WARN_UNUSED_FUNCTION = YES;
				GCC_WARN_UNUSED_VARIABLE = YES;
				IPHONEOS_DEPLOYMENT_TARGET = 9.1;
				MTL_ENABLE_DEBUG_INFO = NO;
				SDKROOT = iphoneos;
				VALIDATE_PRODUCT = YES;
			};
			name = Release;
		};
		08FBAF961C012896002FA5C0 /* Debug */ = {
			isa = XCBuildConfiguration;
			buildSettings = {
				ASSETCATALOG_COMPILER_APPICON_NAME = AppIcon;
				INFOPLIST_FILE = "Attention Deficit/Info.plist";
				LD_RUNPATH_SEARCH_PATHS = "$(inherited) @executable_path/Frameworks";
				PRODUCT_BUNDLE_IDENTIFIER = "Francesco-Perera.Attention-Deficit";
				PRODUCT_NAME = "$(TARGET_NAME)";
			};
			name = Debug;
		};
		08FBAF971C012896002FA5C0 /* Release */ = {
			isa = XCBuildConfiguration;
			buildSettings = {
				ASSETCATALOG_COMPILER_APPICON_NAME = AppIcon;
				INFOPLIST_FILE = "Attention Deficit/Info.plist";
				LD_RUNPATH_SEARCH_PATHS = "$(inherited) @executable_path/Frameworks";
				PRODUCT_BUNDLE_IDENTIFIER = "Francesco-Perera.Attention-Deficit";
				PRODUCT_NAME = "$(TARGET_NAME)";
			};
			name = Release;
		};
		08FBAF991C012896002FA5C0 /* Debug */ = {
			isa = XCBuildConfiguration;
			buildSettings = {
				BUNDLE_LOADER = "$(TEST_HOST)";
				INFOPLIST_FILE = "Attention DeficitTests/Info.plist";
				LD_RUNPATH_SEARCH_PATHS = "$(inherited) @executable_path/Frameworks @loader_path/Frameworks";
				PRODUCT_BUNDLE_IDENTIFIER = "Francesco-Perera.Attention-DeficitTests";
				PRODUCT_NAME = "$(TARGET_NAME)";
				TEST_HOST = "$(BUILT_PRODUCTS_DIR)/Attention Deficit.app/Attention Deficit";
			};
			name = Debug;
		};
		08FBAF9A1C012896002FA5C0 /* Release */ = {
			isa = XCBuildConfiguration;
			buildSettings = {
				BUNDLE_LOADER = "$(TEST_HOST)";
				INFOPLIST_FILE = "Attention DeficitTests/Info.plist";
				LD_RUNPATH_SEARCH_PATHS = "$(inherited) @executable_path/Frameworks @loader_path/Frameworks";
				PRODUCT_BUNDLE_IDENTIFIER = "Francesco-Perera.Attention-DeficitTests";
				PRODUCT_NAME = "$(TARGET_NAME)";
				TEST_HOST = "$(BUILT_PRODUCTS_DIR)/Attention Deficit.app/Attention Deficit";
			};
			name = Release;
		};
		08FBAF9C1C012896002FA5C0 /* Debug */ = {
			isa = XCBuildConfiguration;
			buildSettings = {
				INFOPLIST_FILE = "Attention DeficitUITests/Info.plist";
				LD_RUNPATH_SEARCH_PATHS = "$(inherited) @executable_path/Frameworks @loader_path/Frameworks";
				PRODUCT_BUNDLE_IDENTIFIER = "Francesco-Perera.Attention-DeficitUITests";
				PRODUCT_NAME = "$(TARGET_NAME)";
				TEST_TARGET_NAME = "Attention Deficit";
				USES_XCTRUNNER = YES;
			};
			name = Debug;
		};
		08FBAF9D1C012896002FA5C0 /* Release */ = {
			isa = XCBuildConfiguration;
			buildSettings = {
				INFOPLIST_FILE = "Attention DeficitUITests/Info.plist";
				LD_RUNPATH_SEARCH_PATHS = "$(inherited) @executable_path/Frameworks @loader_path/Frameworks";
				PRODUCT_BUNDLE_IDENTIFIER = "Francesco-Perera.Attention-DeficitUITests";
				PRODUCT_NAME = "$(TARGET_NAME)";
				TEST_TARGET_NAME = "Attention Deficit";
				USES_XCTRUNNER = YES;
			};
			name = Release;
		};
/* End XCBuildConfiguration section */

/* Begin XCConfigurationList section */
		08FBAF681C012895002FA5C0 /* Build configuration list for PBXProject "Attention Deficit" */ = {
			isa = XCConfigurationList;
			buildConfigurations = (
				08FBAF931C012896002FA5C0 /* Debug */,
				08FBAF941C012896002FA5C0 /* Release */,
			);
			defaultConfigurationIsVisible = 0;
			defaultConfigurationName = Release;
		};
		08FBAF951C012896002FA5C0 /* Build configuration list for PBXNativeTarget "Attention Deficit" */ = {
			isa = XCConfigurationList;
			buildConfigurations = (
				08FBAF961C012896002FA5C0 /* Debug */,
				08FBAF971C012896002FA5C0 /* Release */,
			);
			defaultConfigurationIsVisible = 0;
		};
		08FBAF981C012896002FA5C0 /* Build configuration list for PBXNativeTarget "Attention DeficitTests" */ = {
			isa = XCConfigurationList;
			buildConfigurations = (
				08FBAF991C012896002FA5C0 /* Debug */,
				08FBAF9A1C012896002FA5C0 /* Release */,
			);
			defaultConfigurationIsVisible = 0;
		};
		08FBAF9B1C012896002FA5C0 /* Build configuration list for PBXNativeTarget "Attention DeficitUITests" */ = {
			isa = XCConfigurationList;
			buildConfigurations = (
				08FBAF9C1C012896002FA5C0 /* Debug */,
				08FBAF9D1C012896002FA5C0 /* Release */,
			);
			defaultConfigurationIsVisible = 0;
		};
/* End XCConfigurationList section */
	};
	rootObject = 08FBAF651C012895002FA5C0 /* Project object */;
}
